
Microsoft Visual Studio Solution File, Format Version 12.00
# Visual Studio Version 16
VisualStudioVersion = 16.0.31129.286
MinimumVisualStudioVersion = 10.0.40219.1
Project("{FAE04EC0-301F-11D3-BF4B-00C04F79EFBC}") = "BuscaCEP.UWP", "BuscaCEP\BuscaCEP.UWP\BuscaCEP.UWP.csproj", "{06B0A4AE-26F8-49EA-9D90-DA83C9DC27E9}"
EndProject
Project("{FAE04EC0-301F-11D3-BF4B-00C04F79EFBC}") = "BuscaCEP.Android", "BuscaCEP\BuscaCEP.Android\BuscaCEP.Android.csproj", "{3DD09EF1-3B57-44A0-8073-95784B646139}"
EndProject
Project("{FAE04EC0-301F-11D3-BF4B-00C04F79EFBC}") = "BuscaCEP.iOS", "BuscaCEP\BuscaCEP.iOS\BuscaCEP.iOS.csproj", "{023CC069-1985-47E4-BDCA-A9FD58E1D674}"
EndProject
Project("{FAE04EC0-301F-11D3-BF4B-00C04F79EFBC}") = "BuscaCEP", "BuscaCEP\BuscaCEP\BuscaCEP.csproj", "{9B146750-B35F-45AD-89E1-51A9AAC18252}"
EndProject
Global
	GlobalSection(SolutionConfigurationPlatforms) = preSolution
		Debug|Any CPU = Debug|Any CPU
		Debug|ARM = Debug|ARM
		Debug|iPhone = Debug|iPhone
		Debug|iPhoneSimulator = Debug|iPhoneSimulator
		Debug|x64 = Debug|x64
		Debug|x86 = Debug|x86
		Release|Any CPU = Release|Any CPU
		Release|ARM = Release|ARM
		Release|iPhone = Release|iPhone
		Release|iPhoneSimulator = Release|iPhoneSimulator
		Release|x64 = Release|x64
		Release|x86 = Release|x86
	EndGlobalSection
	GlobalSection(ProjectConfigurationPlatforms) = postSolution
		{06B0A4AE-26F8-49EA-9D90-DA83C9DC27E9}.Debug|Any CPU.ActiveCfg = Debug|x86
		{06B0A4AE-26F8-49EA-9D90-DA83C9DC27E9}.Debug|Any CPU.Build.0 = Debug|x86
		{06B0A4AE-26F8-49EA-9D90-DA83C9DC27E9}.Debug|Any CPU.Deploy.0 = Debug|x86
		{06B0A4AE-26F8-49EA-9D90-DA83C9DC27E9}.Debug|ARM.ActiveCfg = Debug|ARM
		{06B0A4AE-26F8-49EA-9D90-DA83C9DC27E9}.Debug|ARM.Build.0 = Debug|ARM
		{06B0A4AE-26F8-49EA-9D90-DA83C9DC27E9}.Debug|ARM.Deploy.0 = Debug|ARM
		{06B0A4AE-26F8-49EA-9D90-DA83C9DC27E9}.Debug|iPhone.ActiveCfg = Debug|x86
		{06B0A4AE-26F8-49EA-9D90-DA83C9DC27E9}.Debug|iPhone.Build.0 = Debug|x86
		{06B0A4AE-26F8-49EA-9D90-DA83C9DC27E9}.Debug|iPhone.Deploy.0 = Debug|x86
		{06B0A4AE-26F8-49EA-9D90-DA83C9DC27E9}.Debug|iPhoneSimulator.ActiveCfg = Debug|x86
		{06B0A4AE-26F8-49EA-9D90-DA83C9DC27E9}.Debug|iPhoneSimulator.Build.0 = Debug|x86
		{06B0A4AE-26F8-49EA-9D90-DA83C9DC27E9}.Debug|iPhoneSimulator.Deploy.0 = Debug|x86
		{06B0A4AE-26F8-49EA-9D90-DA83C9DC27E9}.Debug|x64.ActiveCfg = Debug|x64
		{06B0A4AE-26F8-49EA-9D90-DA83C9DC27E9}.Debug|x64.Build.0 = Debug|x64
		{06B0A4AE-26F8-49EA-9D90-DA83C9DC27E9}.Debug|x64.Deploy.0 = Debug|x64
		{06B0A4AE-26F8-49EA-9D90-DA83C9DC27E9}.Debug|x86.ActiveCfg = Debug|x86
		{06B0A4AE-26F8-49EA-9D90-DA83C9DC27E9}.Debug|x86.Build.0 = Debug|x86
		{06B0A4AE-26F8-49EA-9D90-DA83C9DC27E9}.Debug|x86.Deploy.0 = Debug|x86
		{06B0A4AE-26F8-49EA-9D90-DA83C9DC27E9}.Release|Any CPU.ActiveCfg = Release|x86
		{06B0A4AE-26F8-49EA-9D90-DA83C9DC27E9}.Release|Any CPU.Build.0 = Release|x86
		{06B0A4AE-26F8-49EA-9D90-DA83C9DC27E9}.Release|Any CPU.Deploy.0 = Release|x86
		{06B0A4AE-26F8-49EA-9D90-DA83C9DC27E9}.Release|ARM.ActiveCfg = Release|ARM
		{06B0A4AE-26F8-49EA-9D90-DA83C9DC27E9}.Release|ARM.Build.0 = Release|ARM
		{06B0A4AE-26F8-49EA-9D90-DA83C9DC27E9}.Release|ARM.Deploy.0 = Release|ARM
		{06B0A4AE-26F8-49EA-9D90-DA83C9DC27E9}.Release|iPhone.ActiveCfg = Release|x86
		{06B0A4AE-26F8-49EA-9D90-DA83C9DC27E9}.Release|iPhone.Build.0 = Release|x86
		{06B0A4AE-26F8-49EA-9D90-DA83C9DC27E9}.Release|iPhone.Deploy.0 = Release|x86
		{06B0A4AE-26F8-49EA-9D90-DA83C9DC27E9}.Release|iPhoneSimulator.ActiveCfg = Release|x86
		{06B0A4AE-26F8-49EA-9D90-DA83C9DC27E9}.Release|iPhoneSimulator.Build.0 = Release|x86
		{06B0A4AE-26F8-49EA-9D90-DA83C9DC27E9}.Release|iPhoneSimulator.Deploy.0 = Release|x86
		{06B0A4AE-26F8-49EA-9D90-DA83C9DC27E9}.Release|x64.ActiveCfg = Release|x64
		{06B0A4AE-26F8-49EA-9D90-DA83C9DC27E9}.Release|x64.Build.0 = Release|x64
		{06B0A4AE-26F8-49EA-9D90-DA83C9DC27E9}.Release|x64.Deploy.0 = Release|x64
		{06B0A4AE-26F8-49EA-9D90-DA83C9DC27E9}.Release|x86.ActiveCfg = Release|x86
		{06B0A4AE-26F8-49EA-9D90-DA83C9DC27E9}.Release|x86.Build.0 = Release|x86
		{06B0A4AE-26F8-49EA-9D90-DA83C9DC27E9}.Release|x86.Deploy.0 = Release|x86
		{3DD09EF1-3B57-44A0-8073-95784B646139}.Debug|Any CPU.ActiveCfg = Debug|Any CPU
		{3DD09EF1-3B57-44A0-8073-95784B646139}.Debug|Any CPU.Build.0 = Debug|Any CPU
		{3DD09EF1-3B57-44A0-8073-95784B646139}.Debug|Any CPU.Deploy.0 = Debug|Any CPU
		{3DD09EF1-3B57-44A0-8073-95784B646139}.Debug|ARM.ActiveCfg = Debug|Any CPU
		{3DD09EF1-3B57-44A0-8073-95784B646139}.Debug|ARM.Build.0 = Debug|Any CPU
		{3DD09EF1-3B57-44A0-8073-95784B646139}.Debug|ARM.Deploy.0 = Debug|Any CPU
		{3DD09EF1-3B57-44A0-8073-95784B646139}.Debug|iPhone.ActiveCfg = Debug|Any CPU
		{3DD09EF1-3B57-44A0-8073-95784B646139}.Debug|iPhone.Build.0 = Debug|Any CPU
		{3DD09EF1-3B57-44A0-8073-95784B646139}.Debug|iPhone.Deploy.0 = Debug|Any CPU
		{3DD09EF1-3B57-44A0-8073-95784B646139}.Debug|iPhoneSimulator.ActiveCfg = Debug|Any CPU
		{3DD09EF1-3B57-44A0-8073-95784B646139}.Debug|iPhoneSimulator.Build.0 = Debug|Any CPU
		{3DD09EF1-3B57-44A0-8073-95784B646139}.Debug|iPhoneSimulator.Deploy.0 = Debug|Any CPU
		{3DD09EF1-3B57-44A0-8073-95784B646139}.Debug|x64.ActiveCfg = Debug|Any CPU
		{3DD09EF1-3B57-44A0-8073-95784B646139}.Debug|x64.Build.0 = Debug|Any CPU
		{3DD09EF1-3B57-44A0-8073-95784B646139}.Debug|x64.Deploy.0 = Debug|Any CPU
		{3DD09EF1-3B57-44A0-8073-95784B646139}.Debug|x86.ActiveCfg = Debug|Any CPU
		{3DD09EF1-3B57-44A0-8073-95784B646139}.Debug|x86.Build.0 = Debug|Any CPU
		{3DD09EF1-3B57-44A0-8073-95784B646139}.Debug|x86.Deploy.0 = Debug|Any CPU
		{3DD09EF1-3B57-44A0-8073-95784B646139}.Release|Any CPU.ActiveCfg = Release|Any CPU
		{3DD09EF1-3B57-44A0-8073-95784B646139}.Release|Any CPU.Build.0 = Release|Any CPU
		{3DD09EF1-3B57-44A0-8073-95784B646139}.Release|Any CPU.Deploy.0 = Release|Any CPU
		{3DD09EF1-3B57-44A0-8073-95784B646139}.Release|ARM.ActiveCfg = Release|Any CPU
		{3DD09EF1-3B57-44A0-8073-95784B646139}.Release|ARM.Build.0 = Release|Any CPU
		{3DD09EF1-3B57-44A0-8073-95784B646139}.Release|ARM.Deploy.0 = Release|Any CPU
		{3DD09EF1-3B57-44A0-8073-95784B646139}.Release|iPhone.ActiveCfg = Release|Any CPU
		{3DD09EF1-3B57-44A0-8073-95784B646139}.Release|iPhone.Build.0 = Release|Any CPU
		{3DD09EF1-3B57-44A0-8073-95784B646139}.Release|iPhone.Deploy.0 = Release|Any CPU
		{3DD09EF1-3B57-44A0-8073-95784B646139}.Release|iPhoneSimulator.ActiveCfg = Release|Any CPU
		{3DD09EF1-3B57-44A0-8073-95784B646139}.Release|iPhoneSimulator.Build.0 = Release|Any CPU
		{3DD09EF1-3B57-44A0-8073-95784B646139}.Release|iPhoneSimulator.Deploy.0 = Release|Any CPU
		{3DD09EF1-3B57-44A0-8073-95784B646139}.Release|x64.ActiveCfg = Release|Any CPU
		{3DD09EF1-3B57-44A0-8073-95784B646139}.Release|x64.Build.0 = Release|Any CPU
		{3DD09EF1-3B57-44A0-8073-95784B646139}.Release|x64.Deploy.0 = Release|Any CPU
		{3DD09EF1-3B57-44A0-8073-95784B646139}.Release|x86.ActiveCfg = Release|Any CPU
		{3DD09EF1-3B57-44A0-8073-95784B646139}.Release|x86.Build.0 = Release|Any CPU
		{3DD09EF1-3B57-44A0-8073-95784B646139}.Release|x86.Deploy.0 = Release|Any CPU
		{023CC069-1985-47E4-BDCA-A9FD58E1D674}.Debug|Any CPU.ActiveCfg = Debug|iPhoneSimulator
		{023CC069-1985-47E4-BDCA-A9FD58E1D674}.Debug|Any CPU.Build.0 = Debug|iPhoneSimulator
		{023CC069-1985-47E4-BDCA-A9FD58E1D674}.Debug|Any CPU.Deploy.0 = Debug|iPhoneSimulator
		{023CC069-1985-47E4-BDCA-A9FD58E1D674}.Debug|ARM.ActiveCfg = Debug|iPhone
		{023CC069-1985-47E4-BDCA-A9FD58E1D674}.Debug|ARM.Build.0 = Debug|iPhone
		{023CC069-1985-47E4-BDCA-A9FD58E1D674}.Debug|ARM.Deploy.0 = Debug|iPhone
		{023CC069-1985-47E4-BDCA-A9FD58E1D674}.Debug|iPhone.ActiveCfg = Debug|iPhone
		{023CC069-1985-47E4-BDCA-A9FD58E1D674}.Debug|iPhone.Build.0 = Debug|iPhone
		{023CC069-1985-47E4-BDCA-A9FD58E1D674}.Debug|iPhone.Deploy.0 = Debug|iPhone
		{023CC069-1985-47E4-BDCA-A9FD58E1D674}.Debug|iPhoneSimulator.ActiveCfg = Debug|iPhoneSimulator
		{023CC069-1985-47E4-BDCA-A9FD58E1D674}.Debug|iPhoneSimulator.Build.0 = Debug|iPhoneSimulator
		{023CC069-1985-47E4-BDCA-A9FD58E1D674}.Debug|iPhoneSimulator.Deploy.0 = Debug|iPhoneSimulator
		{023CC069-1985-47E4-BDCA-A9FD58E1D674}.Debug|x64.ActiveCfg = Debug|iPhoneSimulator
		{023CC069-1985-47E4-BDCA-A9FD58E1D674}.Debug|x64.Build.0 = Debug|iPhoneSimulator
		{023CC069-1985-47E4-BDCA-A9FD58E1D674}.Debug|x64.Deploy.0 = Debug|iPhoneSimulator
		{023CC069-1985-47E4-BDCA-A9FD58E1D674}.Debug|x86.ActiveCfg = Debug|iPhoneSimulator
		{023CC069-1985-47E4-BDCA-A9FD58E1D674}.Debug|x86.Build.0 = Debug|iPhoneSimulator
		{023CC069-1985-47E4-BDCA-A9FD58E1D674}.Debug|x86.Deploy.0 = Debug|iPhoneSimulator
		{023CC069-1985-47E4-BDCA-A9FD58E1D674}.Release|Any CPU.ActiveCfg = Release|iPhoneSimulator
		{023CC069-1985-47E4-BDCA-A9FD58E1D674}.Release|Any CPU.Build.0 = Release|iPhoneSimulator
		{023CC069-1985-47E4-BDCA-A9FD58E1D674}.Release|Any CPU.Deploy.0 = Release|iPhoneSimulator
		{023CC069-1985-47E4-BDCA-A9FD58E1D674}.Release|ARM.ActiveCfg = Release|iPhoneSimulator
		{023CC069-1985-47E4-BDCA-A9FD58E1D674}.Release|ARM.Build.0 = Release|iPhoneSimulator
		{023CC069-1985-47E4-BDCA-A9FD58E1D674}.Release|ARM.Deploy.0 = Release|iPhoneSimulator
		{023CC069-1985-47E4-BDCA-A9FD58E1D674}.Release|iPhone.ActiveCfg = Release|iPhone
		{023CC069-1985-47E4-BDCA-A9FD58E1D674}.Release|iPhone.Build.0 = Release|iPhone
		{023CC069-1985-47E4-BDCA-A9FD58E1D674}.Release|iPhone.Deploy.0 = Release|iPhone
		{023CC069-1985-47E4-BDCA-A9FD58E1D674}.Release|iPhoneSimulator.ActiveCfg = Release|iPhoneSimulator
		{023CC069-1985-47E4-BDCA-A9FD58E1D674}.Release|iPhoneSimulator.Build.0 = Release|iPhoneSimulator
		{023CC069-1985-47E4-BDCA-A9FD58E1D674}.Release|iPhoneSimulator.Deploy.0 = Release|iPhoneSimulator
		{023CC069-1985-47E4-BDCA-A9FD58E1D674}.Release|x64.ActiveCfg = Release|iPhoneSimulator
		{023CC069-1985-47E4-BDCA-A9FD58E1D674}.Release|x64.Build.0 = Release|iPhoneSimulator
		{023CC069-1985-47E4-BDCA-A9FD58E1D674}.Release|x64.Deploy.0 = Release|iPhoneSimulator
		{023CC069-1985-47E4-BDCA-A9FD58E1D674}.Release|x86.ActiveCfg = Release|iPhoneSimulator
		{023CC069-1985-47E4-BDCA-A9FD58E1D674}.Release|x86.Build.0 = Release|iPhoneSimulator
		{023CC069-1985-47E4-BDCA-A9FD58E1D674}.Release|x86.Deploy.0 = Release|iPhoneSimulator
		{9B146750-B35F-45AD-89E1-51A9AAC18252}.Debug|Any CPU.ActiveCfg = Debug|Any CPU
		{9B146750-B35F-45AD-89E1-51A9AAC18252}.Debug|Any CPU.Build.0 = Debug|Any CPU
		{9B146750-B35F-45AD-89E1-51A9AAC18252}.Debug|Any CPU.Deploy.0 = Debug|Any CPU
		{9B146750-B35F-45AD-89E1-51A9AAC18252}.Debug|ARM.ActiveCfg = Debug|Any CPU
		{9B146750-B35F-45AD-89E1-51A9AAC18252}.Debug|ARM.Build.0 = Debug|Any CPU
		{9B146750-B35F-45AD-89E1-51A9AAC18252}.Debug|ARM.Deploy.0 = Debug|Any CPU
		{9B146750-B35F-45AD-89E1-51A9AAC18252}.Debug|iPhone.ActiveCfg = Debug|Any CPU
		{9B146750-B35F-45AD-89E1-51A9AAC18252}.Debug|iPhone.Build.0 = Debug|Any CPU
		{9B146750-B35F-45AD-89E1-51A9AAC18252}.Debug|iPhone.Deploy.0 = Debug|Any CPU
		{9B146750-B35F-45AD-89E1-51A9AAC18252}.Debug|iPhoneSimulator.ActiveCfg = Debug|Any CPU
		{9B146750-B35F-45AD-89E1-51A9AAC18252}.Debug|iPhoneSimulator.Build.0 = Debug|Any CPU
		{9B146750-B35F-45AD-89E1-51A9AAC18252}.Debug|iPhoneSimulator.Deploy.0 = Debug|Any CPU
		{9B146750-B35F-45AD-89E1-51A9AAC18252}.Debug|x64.ActiveCfg = Debug|Any CPU
		{9B146750-B35F-45AD-89E1-51A9AAC18252}.Debug|x64.Build.0 = Debug|Any CPU
		{9B146750-B35F-45AD-89E1-51A9AAC18252}.Debug|x64.Deploy.0 = Debug|Any CPU
		{9B146750-B35F-45AD-89E1-51A9AAC18252}.Debug|x86.ActiveCfg = Debug|Any CPU
		{9B146750-B35F-45AD-89E1-51A9AAC18252}.Debug|x86.Build.0 = Debug|Any CPU
		{9B146750-B35F-45AD-89E1-51A9AAC18252}.Debug|x86.Deploy.0 = Debug|Any CPU
		{9B146750-B35F-45AD-89E1-51A9AAC18252}.Release|Any CPU.ActiveCfg = Release|Any CPU
		{9B146750-B35F-45AD-89E1-51A9AAC18252}.Release|Any CPU.Build.0 = Release|Any CPU
		{9B146750-B35F-45AD-89E1-51A9AAC18252}.Release|Any CPU.Deploy.0 = Release|Any CPU
		{9B146750-B35F-45AD-89E1-51A9AAC18252}.Release|ARM.ActiveCfg = Release|Any CPU
		{9B146750-B35F-45AD-89E1-51A9AAC18252}.Release|ARM.Build.0 = Release|Any CPU
		{9B146750-B35F-45AD-89E1-51A9AAC18252}.Release|ARM.Deploy.0 = Release|Any CPU
		{9B146750-B35F-45AD-89E1-51A9AAC18252}.Release|iPhone.ActiveCfg = Release|Any CPU
		{9B146750-B35F-45AD-89E1-51A9AAC18252}.Release|iPhone.Build.0 = Release|Any CPU
		{9B146750-B35F-45AD-89E1-51A9AAC18252}.Release|iPhone.Deploy.0 = Release|Any CPU
		{9B146750-B35F-45AD-89E1-51A9AAC18252}.Release|iPhoneSimulator.ActiveCfg = Release|Any CPU
		{9B146750-B35F-45AD-89E1-51A9AAC18252}.Release|iPhoneSimulator.Build.0 = Release|Any CPU
		{9B146750-B35F-45AD-89E1-51A9AAC18252}.Release|iPhoneSimulator.Deploy.0 = Release|Any CPU
		{9B146750-B35F-45AD-89E1-51A9AAC18252}.Release|x64.ActiveCfg = Release|Any CPU
		{9B146750-B35F-45AD-89E1-51A9AAC18252}.Release|x64.Build.0 = Release|Any CPU
		{9B146750-B35F-45AD-89E1-51A9AAC18252}.Release|x64.Deploy.0 = Release|Any CPU
		{9B146750-B35F-45AD-89E1-51A9AAC18252}.Release|x86.ActiveCfg = Release|Any CPU
		{9B146750-B35F-45AD-89E1-51A9AAC18252}.Release|x86.Build.0 = Release|Any CPU
		{9B146750-B35F-45AD-89E1-51A9AAC18252}.Release|x86.Deploy.0 = Release|Any CPU
	EndGlobalSection
	GlobalSection(SolutionProperties) = preSolution
		HideSolutionNode = FALSE
	EndGlobalSection
	GlobalSection(ExtensibilityGlobals) = postSolution
		SolutionGuid = {BA9C5E41-B350-40F5-8104-C39B25FFAE59}
	EndGlobalSection
EndGlobal
